
Microsoft Visual Studio Solution File, Format Version 12.00
Project("{FAE04EC0-301F-11D3-BF4B-00C04F79EFBC}") = "Futurum.WebApiEndpoint.Micro", "src\Futurum.WebApiEndpoint.Micro\Futurum.WebApiEndpoint.Micro.csproj", "{48E7C116-DF7C-4B1E-A4F3-64109092ACCA}"
EndProject
Project("{FAE04EC0-301F-11D3-BF4B-00C04F79EFBC}") = "Futurum.WebApiEndpoint.Micro.Sample", "sample\Futurum.WebApiEndpoint.Micro.Sample\Futurum.WebApiEndpoint.Micro.Sample.csproj", "{5A199733-F1B8-48E6-8591-776E2EC7E81E}"
EndProject
Project("{2150E333-8FDC-42A3-9474-1A3956D46DE8}") = "sample", "sample", "{3D057B76-ED4D-45EF-AC8B-7A4660ED32C2}"
EndProject
Project("{2150E333-8FDC-42A3-9474-1A3956D46DE8}") = "docs", "docs", "{1B8F46E6-8530-4A28-8A02-39221F7BC66E}"
	ProjectSection(SolutionItems) = preProject
		README.md = README.md
		LICENSE = LICENSE
		docs\Futurum.WebApiEndpoint.Micro.Sample-openapi.png = docs\Futurum.WebApiEndpoint.Micro.Sample-openapi.png
	EndProjectSection
EndProject
Project("{2150E333-8FDC-42A3-9474-1A3956D46DE8}") = "build", "build", "{ADC6F1C4-07C0-4350-AA3A-EE7CC6E80B2B}"
	ProjectSection(SolutionItems) = preProject
		Directory.Build.props = src\Directory.Build.props
		ci.yml = .github\workflows\ci.yml
		release.yml = .github\workflows\release.yml
	EndProjectSection
EndProject
Project("{2150E333-8FDC-42A3-9474-1A3956D46DE8}") = "test", "test", "{759534C0-6CAD-4645-932D-8EFEE7A3FE99}"
EndProject
Project("{FAE04EC0-301F-11D3-BF4B-00C04F79EFBC}") = "Futurum.WebApiEndpoint.Micro.EndToEndTests", "test\Futurum.WebApiEndpoint.Micro.EndToEndTests\Futurum.WebApiEndpoint.Micro.EndToEndTests.csproj", "{E198A79A-EAFA-40E5-B564-0B17EC5CA69F}"
EndProject
Project("{FAE04EC0-301F-11D3-BF4B-00C04F79EFBC}") = "Futurum.WebApiEndpoint.Micro.Tests", "test\Futurum.WebApiEndpoint.Micro.Tests\Futurum.WebApiEndpoint.Micro.Tests.csproj", "{F73126B2-18F2-4848-B58A-D41592D7DAA6}"
EndProject
Project("{FAE04EC0-301F-11D3-BF4B-00C04F79EFBC}") = "Futurum.WebApiEndpoint.Micro.Generator", "src\Futurum.WebApiEndpoint.Micro.Generator\Futurum.WebApiEndpoint.Micro.Generator.csproj", "{7DFFAF20-31D6-4416-8183-ECC90C772553}"
EndProject
Project("{FAE04EC0-301F-11D3-BF4B-00C04F79EFBC}") = "Futurum.WebApiEndpoint.Micro.Sample.Addition", "sample\Futurum.WebApiEndpoint.Micro.Sample.Addition\Futurum.WebApiEndpoint.Micro.Sample.Addition.csproj", "{F4BA916B-A0A8-485E-8ACC-D5698B4D3632}"
EndProject
Global
	GlobalSection(SolutionConfigurationPlatforms) = preSolution
		Debug|Any CPU = Debug|Any CPU
		Release|Any CPU = Release|Any CPU
	EndGlobalSection
	GlobalSection(ProjectConfigurationPlatforms) = postSolution
		{48E7C116-DF7C-4B1E-A4F3-64109092ACCA}.Debug|Any CPU.ActiveCfg = Debug|Any CPU
		{48E7C116-DF7C-4B1E-A4F3-64109092ACCA}.Debug|Any CPU.Build.0 = Debug|Any CPU
		{48E7C116-DF7C-4B1E-A4F3-64109092ACCA}.Release|Any CPU.ActiveCfg = Release|Any CPU
		{48E7C116-DF7C-4B1E-A4F3-64109092ACCA}.Release|Any CPU.Build.0 = Release|Any CPU
		{5A199733-F1B8-48E6-8591-776E2EC7E81E}.Debug|Any CPU.ActiveCfg = Debug|Any CPU
		{5A199733-F1B8-48E6-8591-776E2EC7E81E}.Debug|Any CPU.Build.0 = Debug|Any CPU
		{5A199733-F1B8-48E6-8591-776E2EC7E81E}.Release|Any CPU.ActiveCfg = Release|Any CPU
		{5A199733-F1B8-48E6-8591-776E2EC7E81E}.Release|Any CPU.Build.0 = Release|Any CPU
		{E198A79A-EAFA-40E5-B564-0B17EC5CA69F}.Debug|Any CPU.ActiveCfg = Debug|Any CPU
		{E198A79A-EAFA-40E5-B564-0B17EC5CA69F}.Debug|Any CPU.Build.0 = Debug|Any CPU
		{E198A79A-EAFA-40E5-B564-0B17EC5CA69F}.Release|Any CPU.ActiveCfg = Release|Any CPU
		{E198A79A-EAFA-40E5-B564-0B17EC5CA69F}.Release|Any CPU.Build.0 = Release|Any CPU
		{F73126B2-18F2-4848-B58A-D41592D7DAA6}.Debug|Any CPU.ActiveCfg = Debug|Any CPU
		{F73126B2-18F2-4848-B58A-D41592D7DAA6}.Debug|Any CPU.Build.0 = Debug|Any CPU
		{F73126B2-18F2-4848-B58A-D41592D7DAA6}.Release|Any CPU.ActiveCfg = Release|Any CPU
		{F73126B2-18F2-4848-B58A-D41592D7DAA6}.Release|Any CPU.Build.0 = Release|Any CPU
		{7DFFAF20-31D6-4416-8183-ECC90C772553}.Debug|Any CPU.ActiveCfg = Debug|Any CPU
		{7DFFAF20-31D6-4416-8183-ECC90C772553}.Debug|Any CPU.Build.0 = Debug|Any CPU
		{7DFFAF20-31D6-4416-8183-ECC90C772553}.Release|Any CPU.ActiveCfg = Release|Any CPU
		{7DFFAF20-31D6-4416-8183-ECC90C772553}.Release|Any CPU.Build.0 = Release|Any CPU
		{F4BA916B-A0A8-485E-8ACC-D5698B4D3632}.Debug|Any CPU.ActiveCfg = Debug|Any CPU
		{F4BA916B-A0A8-485E-8ACC-D5698B4D3632}.Debug|Any CPU.Build.0 = Debug|Any CPU
		{F4BA916B-A0A8-485E-8ACC-D5698B4D3632}.Release|Any CPU.ActiveCfg = Release|Any CPU
		{F4BA916B-A0A8-485E-8ACC-D5698B4D3632}.Release|Any CPU.Build.0 = Release|Any CPU
	EndGlobalSection
	GlobalSection(NestedProjects) = preSolution
		{5A199733-F1B8-48E6-8591-776E2EC7E81E} = {3D057B76-ED4D-45EF-AC8B-7A4660ED32C2}
		{E198A79A-EAFA-40E5-B564-0B17EC5CA69F} = {759534C0-6CAD-4645-932D-8EFEE7A3FE99}
		{F73126B2-18F2-4848-B58A-D41592D7DAA6} = {759534C0-6CAD-4645-932D-8EFEE7A3FE99}
		{F4BA916B-A0A8-485E-8ACC-D5698B4D3632} = {3D057B76-ED4D-45EF-AC8B-7A4660ED32C2}
	EndGlobalSection
EndGlobal
